{
  "lockfile_version": "1",
  "packages": {
    "github:NixOS/nixpkgs/nixpkgs-unstable": {
      "last_modified": "2025-08-08T11:17:04Z",
      "resolved": "github:NixOS/nixpkgs/b069b7c1e2fe1a3a24221428558bf44128d3d5c8?lastModified=1754651824&narHash=sha256-aB7ft6njy9EJfuW%2BrdToNChfRrHNRw%2FyTg5cSEnG%2BHI%3D"
    },
    "go-task@latest": {
      "last_modified": "2025-08-03T19:18:05Z",
      "resolved": "github:NixOS/nixpkgs/bf9fa86a9b1005d932f842edf2c38eeecc98eef3#go-task",
      "source": "devbox-search",
      "version": "3.44.1",
      "systems": {
        "aarch64-darwin": {
          "outputs": [
            {
              "name": "out",
              "path": "/nix/store/2s2xbxzkshricg27p5m6qg8xay6j1qcm-go-task-3.44.1",
              "default": true
            }
          ],
          "store_path": "/nix/store/2s2xbxzkshricg27p5m6qg8xay6j1qcm-go-task-3.44.1"
        },
        "aarch64-linux": {
          "outputs": [
            {
              "name": "out",
              "path": "/nix/store/gf4cj1rnppcdbn1pksaw1a4zs6mm97h1-go-task-3.44.1",
              "default": true
            }
          ],
          "store_path": "/nix/store/gf4cj1rnppcdbn1pksaw1a4zs6mm97h1-go-task-3.44.1"
        },
        "x86_64-darwin": {
          "outputs": [
            {
              "name": "out",
              "path": "/nix/store/nq56q1rfknrl3b7acshqbiyrg6xnq39r-go-task-3.44.1",
              "default": true
            }
          ],
          "store_path": "/nix/store/nq56q1rfknrl3b7acshqbiyrg6xnq39r-go-task-3.44.1"
        },
        "x86_64-linux": {
          "outputs": [
            {
              "name": "out",
              "path": "/nix/store/zjfzqsapmydx7y49clmj29l75ki4gi11-go-task-3.44.1",
              "default": true
            }
          ],
          "store_path": "/nix/store/zjfzqsapmydx7y49clmj29l75ki4gi11-go-task-3.44.1"
        }
      }
    },
    "go@1.23.1": {
      "last_modified": "2025-07-28T17:09:23Z",
      "resolved": "github:NixOS/nixpkgs/648f70160c03151bc2121d179291337ad6bc564b#go_1_23",
      "source": "devbox-search",
      "version": "1.23.11",
      "systems": {
        "aarch64-darwin": {
          "outputs": [
            {
              "name": "out",
              "path": "/nix/store/v72ws9jq4qdnyi4yxr5mgks7y290v6n4-go-1.23.11",
              "default": true
            }
          ],
          "store_path": "/nix/store/v72ws9jq4qdnyi4yxr5mgks7y290v6n4-go-1.23.11"
        },
        "aarch64-linux": {
          "outputs": [
            {
              "name": "out",
              "path": "/nix/store/yjd5mhhjh3fvi9kmvi60j8m7x8smd384-go-1.23.11",
              "default": true
            }
          ],
          "store_path": "/nix/store/yjd5mhhjh3fvi9kmvi60j8m7x8smd384-go-1.23.11"
        },
        "x86_64-darwin": {
          "outputs": [
            {
              "name": "out",
              "path": "/nix/store/gdv2qphba6vymzq4dac22nqd94cgfbq2-go-1.23.11",
              "default": true
            }
          ],
          "store_path": "/nix/store/gdv2qphba6vymzq4dac22nqd94cgfbq2-go-1.23.11"
        },
        "x86_64-linux": {
          "outputs": [
            {
              "name": "out",
              "path": "/nix/store/s09rqimnnnj40pd6iplc3q6p3931ijh4-go-1.23.11",
              "default": true
            }
          ],
          "store_path": "/nix/store/s09rqimnnnj40pd6iplc3q6p3931ijh4-go-1.23.11"
        }
      }
    }
  }
}
